
Microsoft Visual Studio Solution File, Format Version 12.00
# Visual Studio Version 17
VisualStudioVersion = 17.9.34701.34
MinimumVisualStudioVersion = 10.0.40219.1
Project("{FAE04EC0-301F-11D3-BF4B-00C04F79EFBC}") = "RepositoryPatternWithUOW.API", "RepositoryPatternWithUOW.API\RepositoryPatternWithUOW.API.csproj", "{490AD91E-BF75-41B7-914C-9AE982BEE159}"
EndProject
Project("{FAE04EC0-301F-11D3-BF4B-00C04F79EFBC}") = "RepositoryPatternWithUOW.Core", "RepositoryPatternWithUOW.Core\RepositoryPatternWithUOW.Core.csproj", "{D1D4A629-16C3-4F91-915A-BBBF110BDF5A}"
EndProject
Project("{FAE04EC0-301F-11D3-BF4B-00C04F79EFBC}") = "RepositoryPatternWithUOW.EF", "RepositoryPatternWithUOW.EF\RepositoryPatternWithUOW.EF.csproj", "{AA856A0C-7D5A-455F-A0B2-146214255804}"
EndProject
Global
	GlobalSection(SolutionConfigurationPlatforms) = preSolution
		Debug|Any CPU = Debug|Any CPU
		Release|Any CPU = Release|Any CPU
	EndGlobalSection
	GlobalSection(ProjectConfigurationPlatforms) = postSolution
		{490AD91E-BF75-41B7-914C-9AE982BEE159}.Debug|Any CPU.ActiveCfg = Debug|Any CPU
		{490AD91E-BF75-41B7-914C-9AE982BEE159}.Debug|Any CPU.Build.0 = Debug|Any CPU
		{490AD91E-BF75-41B7-914C-9AE982BEE159}.Release|Any CPU.ActiveCfg = Release|Any CPU
		{490AD91E-BF75-41B7-914C-9AE982BEE159}.Release|Any CPU.Build.0 = Release|Any CPU
		{D1D4A629-16C3-4F91-915A-BBBF110BDF5A}.Debug|Any CPU.ActiveCfg = Debug|Any CPU
		{D1D4A629-16C3-4F91-915A-BBBF110BDF5A}.Debug|Any CPU.Build.0 = Debug|Any CPU
		{D1D4A629-16C3-4F91-915A-BBBF110BDF5A}.Release|Any CPU.ActiveCfg = Release|Any CPU
		{D1D4A629-16C3-4F91-915A-BBBF110BDF5A}.Release|Any CPU.Build.0 = Release|Any CPU
		{AA856A0C-7D5A-455F-A0B2-146214255804}.Debug|Any CPU.ActiveCfg = Debug|Any CPU
		{AA856A0C-7D5A-455F-A0B2-146214255804}.Debug|Any CPU.Build.0 = Debug|Any CPU
		{AA856A0C-7D5A-455F-A0B2-146214255804}.Release|Any CPU.ActiveCfg = Release|Any CPU
		{AA856A0C-7D5A-455F-A0B2-146214255804}.Release|Any CPU.Build.0 = Release|Any CPU
	EndGlobalSection
	GlobalSection(SolutionProperties) = preSolution
		HideSolutionNode = FALSE
	EndGlobalSection
	GlobalSection(ExtensibilityGlobals) = postSolution
		SolutionGuid = {244691A1-D5E5-46B8-932A-C36847A6835A}
	EndGlobalSection
EndGlobal
